// !$*UTF8*$!
{
	archiveVersion = 1;
	classes = {
	};
	objectVersion = 56;
	objects = {

/* Begin PBXBuildFile section */
		22D385E92DCEDDB400694630 /* projektApp.swift in Sources */ = {isa = PBXBuildFile; fileRef = 22D385E82DCEDDB400694630 /* projektApp.swift */; };
		22D385EB2DCEDDB400694630 /* ContentView.swift in Sources */ = {isa = PBXBuildFile; fileRef = 22D385EA2DCEDDB400694630 /* ContentView.swift */; };
		22D385ED2DCEDDB800694630 /* Assets.xcassets in Resources */ = {isa = PBXBuildFile; fileRef = 22D385EC2DCEDDB800694630 /* Assets.xcassets */; };
		22D385F02DCEDDB800694630 /* Preview Assets.xcassets in Resources */ = {isa = PBXBuildFile; fileRef = 22D385EF2DCEDDB800694630 /* Preview Assets.xcassets */; };
		22D385F22DCEDDB800694630 /* Persistence.swift in Sources */ = {isa = PBXBuildFile; fileRef = 22D385F12DCEDDB800694630 /* Persistence.swift */; };
		22D385F52DCEDDB800694630 /* projekt.xcdatamodeld in Sources */ = {isa = PBXBuildFile; fileRef = 22D385F32DCEDDB800694630 /* projekt.xcdatamodeld */; };
		22D385FC2DCEE0BA00694630 /* MainMenuView.swift in Sources */ = {isa = PBXBuildFile; fileRef = 22D385FB2DCEE0BA00694630 /* MainMenuView.swift */; };
		22D386002DCEE1D800694630 /* BlackjackGameView.swift in Sources */ = {isa = PBXBuildFile; fileRef = 22D385FF2DCEE1D800694630 /* BlackjackGameView.swift */; };
		22D386022DCEE21600694630 /* PlinkoGameView.swift in Sources */ = {isa = PBXBuildFile; fileRef = 22D386012DCEE21600694630 /* PlinkoGameView.swift */; };
		22D386042DCEE24200694630 /* SettingsView.swift in Sources */ = {isa = PBXBuildFile; fileRef = 22D386032DCEE24200694630 /* SettingsView.swift */; };
		3FFDAE962DE7201200CC22C8 /* BlackJack.swift in Sources */ = {isa = PBXBuildFile; fileRef = 3FFDAE952DE7200F00CC22C8 /* BlackJack.swift */; };
/* End PBXBuildFile section */

/* Begin PBXFileReference section */
		22D385E52DCEDDB400694630 /* projekt.app */ = {isa = PBXFileReference; explicitFileType = wrapper.application; includeInIndex = 0; path = projekt.app; sourceTree = BUILT_PRODUCTS_DIR; };
		22D385E82DCEDDB400694630 /* projektApp.swift */ = {isa = PBXFileReference; lastKnownFileType = sourcecode.swift; path = projektApp.swift; sourceTree = "<group>"; };
		22D385EA2DCEDDB400694630 /* ContentView.swift */ = {isa = PBXFileReference; lastKnownFileType = sourcecode.swift; path = ContentView.swift; sourceTree = "<group>"; };
		22D385EC2DCEDDB800694630 /* Assets.xcassets */ = {isa = PBXFileReference; lastKnownFileType = folder.assetcatalog; path = Assets.xcassets; sourceTree = "<group>"; };
		22D385EF2DCEDDB800694630 /* Preview Assets.xcassets */ = {isa = PBXFileReference; lastKnownFileType = folder.assetcatalog; path = "Preview Assets.xcassets"; sourceTree = "<group>"; };
		22D385F12DCEDDB800694630 /* Persistence.swift */ = {isa = PBXFileReference; lastKnownFileType = sourcecode.swift; path = Persistence.swift; sourceTree = "<group>"; };
		22D385F42DCEDDB800694630 /* projekt.xcdatamodel */ = {isa = PBXFileReference; lastKnownFileType = wrapper.xcdatamodel; path = projekt.xcdatamodel; sourceTree = "<group>"; };
		22D385FB2DCEE0BA00694630 /* MainMenuView.swift */ = {isa = PBXFileReference; lastKnownFileType = sourcecode.swift; path = MainMenuView.swift; sourceTree = "<group>"; };
		22D385FF2DCEE1D800694630 /* BlackjackGameView.swift */ = {isa = PBXFileReference; lastKnownFileType = sourcecode.swift; path = BlackjackGameView.swift; sourceTree = "<group>"; };
		22D386012DCEE21600694630 /* PlinkoGameView.swift */ = {isa = PBXFileReference; lastKnownFileType = sourcecode.swift; path = PlinkoGameView.swift; sourceTree = "<group>"; };
		22D386032DCEE24200694630 /* SettingsView.swift */ = {isa = PBXFileReference; lastKnownFileType = sourcecode.swift; path = SettingsView.swift; sourceTree = "<group>"; };
		3FFDAE952DE7200F00CC22C8 /* BlackJack.swift */ = {isa = PBXFileReference; lastKnownFileType = sourcecode.swift; path = BlackJack.swift; sourceTree = "<group>"; };
/* End PBXFileReference section */

/* Begin PBXFrameworksBuildPhase section */
		22D385E22DCEDDB400694630 /* Frameworks */ = {
			isa = PBXFrameworksBuildPhase;
			buildActionMask = 2147483647;
			files = (
			);
			runOnlyForDeploymentPostprocessing = 0;
		};
/* End PBXFrameworksBuildPhase section */

/* Begin PBXGroup section */
		22D385DC2DCEDDB300694630 = {
			isa = PBXGroup;
			children = (
				22D385E72DCEDDB400694630 /* projekt */,
				22D385E62DCEDDB400694630 /* Products */,
			);
			sourceTree = "<group>";
		};
		22D385E62DCEDDB400694630 /* Products */ = {
			isa = PBXGroup;
			children = (
				22D385E52DCEDDB400694630 /* projekt.app */,
			);
			name = Products;
			sourceTree = "<group>";
		};
		22D385E72DCEDDB400694630 /* projekt */ = {
			isa = PBXGroup;
			children = (
				3FFDAE952DE7200F00CC22C8 /* BlackJack.swift */,
				22D385E82DCEDDB400694630 /* projektApp.swift */,
				22D385EA2DCEDDB400694630 /* ContentView.swift */,
				22D385FB2DCEE0BA00694630 /* MainMenuView.swift */,
				22D386012DCEE21600694630 /* PlinkoGameView.swift */,
				22D386032DCEE24200694630 /* SettingsView.swift */,
				22D385FF2DCEE1D800694630 /* BlackjackGameView.swift */,
				22D385EC2DCEDDB800694630 /* Assets.xcassets */,
				22D385F12DCEDDB800694630 /* Persistence.swift */,
				22D385F32DCEDDB800694630 /* projekt.xcdatamodeld */,
				22D385EE2DCEDDB800694630 /* Preview Content */,
			);
			path = projekt;
			sourceTree = "<group>";
		};
		22D385EE2DCEDDB800694630 /* Preview Content */ = {
			isa = PBXGroup;
			children = (
				22D385EF2DCEDDB800694630 /* Preview Assets.xcassets */,
			);
			path = "Preview Content";
			sourceTree = "<group>";
		};
/* End PBXGroup section */

/* Begin PBXNativeTarget section */
		22D385E42DCEDDB400694630 /* projekt */ = {
			isa = PBXNativeTarget;
			buildConfigurationList = 22D385F82DCEDDB800694630 /* Build configuration list for PBXNativeTarget "projekt" */;
			buildPhases = (
				22D385E12DCEDDB400694630 /* Sources */,
				22D385E22DCEDDB400694630 /* Frameworks */,
				22D385E32DCEDDB400694630 /* Resources */,
			);
			buildRules = (
			);
			dependencies = (
			);
			name = projekt;
			productName = projekt;
			productReference = 22D385E52DCEDDB400694630 /* projekt.app */;
			productType = "com.apple.product-type.application";
		};
/* End PBXNativeTarget section */

/* Begin PBXProject section */
		22D385DD2DCEDDB300694630 /* Project object */ = {
			isa = PBXProject;
			attributes = {
				BuildIndependentTargetsInParallel = 1;
				LastSwiftUpdateCheck = 1500;
				LastUpgradeCheck = 1500;
				TargetAttributes = {
					22D385E42DCEDDB400694630 = {
						CreatedOnToolsVersion = 15.0;
					};
				};
			};
			buildConfigurationList = 22D385E02DCEDDB300694630 /* Build configuration list for PBXProject "projekt" */;
			compatibilityVersion = "Xcode 14.0";
			developmentRegion = en;
			hasScannedForEncodings = 0;
			knownRegions = (
				en,
				Base,
			);
			mainGroup = 22D385DC2DCEDDB300694630;
			productRefGroup = 22D385E62DCEDDB400694630 /* Products */;
			projectDirPath = "";
			projectRoot = "";
			targets = (
				22D385E42DCEDDB400694630 /* projekt */,
			);
		};
/* End PBXProject section */

/* Begin PBXResourcesBuildPhase section */
		22D385E32DCEDDB400694630 /* Resources */ = {
			isa = PBXResourcesBuildPhase;
			buildActionMask = 2147483647;
			files = (
				22D385F02DCEDDB800694630 /* Preview Assets.xcassets in Resources */,
				22D385ED2DCEDDB800694630 /* Assets.xcassets in Resources */,
			);
			runOnlyForDeploymentPostprocessing = 0;
		};
/* End PBXResourcesBuildPhase section */

/* Begin PBXSourcesBuildPhase section */
		22D385E12DCEDDB400694630 /* Sources */ = {
			isa = PBXSourcesBuildPhase;
			buildActionMask = 2147483647;
			files = (
				22D385FC2DCEE0BA00694630 /* MainMenuView.swift in Sources */,
				22D386042DCEE24200694630 /* SettingsView.swift in Sources */,
				22D386022DCEE21600694630 /* PlinkoGameView.swift in Sources */,
				22D385F22DCEDDB800694630 /* Persistence.swift in Sources */,
				22D385EB2DCEDDB400694630 /* ContentView.swift in Sources */,
				22D385E92DCEDDB400694630 /* projektApp.swift in Sources */,
				22D385F52DCEDDB800694630 /* projekt.xcdatamodeld in Sources */,
				22D386002DCEE1D800694630 /* BlackjackGameView.swift in Sources */,
				3FFDAE962DE7201200CC22C8 /* BlackJack.swift in Sources */,
			);
			runOnlyForDeploymentPostprocessing = 0;
		};
/* End PBXSourcesBuildPhase section */

/* Begin XCBuildConfiguration section */
		22D385F62DCEDDB800694630 /* Debug */ = {
			isa = XCBuildConfiguration;
			buildSettings = {
				ALWAYS_SEARCH_USER_PATHS = NO;
				ASSETCATALOG_COMPILER_GENERATE_SWIFT_ASSET_SYMBOL_EXTENSIONS = YES;
				CLANG_ANALYZER_NONNULL = YES;
				CLANG_ANALYZER_NUMBER_OBJECT_CONVERSION = YES_AGGRESSIVE;
				CLANG_CXX_LANGUAGE_STANDARD = "gnu++20";
				CLANG_ENABLE_MODULES = YES;
				CLANG_ENABLE_OBJC_ARC = YES;
				CLANG_ENABLE_OBJC_WEAK = YES;
				CLANG_WARN_BLOCK_CAPTURE_AUTORELEASING = YES;
				CLANG_WARN_BOOL_CONVERSION = YES;
				CLANG_WARN_COMMA = YES;
				CLANG_WARN_CONSTANT_CONVERSION = YES;
				CLANG_WARN_DEPRECATED_OBJC_IMPLEMENTATIONS = YES;
				CLANG_WARN_DIRECT_OBJC_ISA_USAGE = YES_ERROR;
				CLANG_WARN_DOCUMENTATION_COMMENTS = YES;
				CLANG_WARN_EMPTY_BODY = YES;
				CLANG_WARN_ENUM_CONVERSION = YES;
				CLANG_WARN_INFINITE_RECURSION = YES;
				CLANG_WARN_INT_CONVERSION = YES;
				CLANG_WARN_NON_LITERAL_NULL_CONVERSION = YES;
				CLANG_WARN_OBJC_IMPLICIT_RETAIN_SELF = YES;
				CLANG_WARN_OBJC_LITERAL_CONVERSION = YES;
				CLANG_WARN_OBJC_ROOT_CLASS = YES_ERROR;
				CLANG_WARN_QUOTED_INCLUDE_IN_FRAMEWORK_HEADER = YES;
				CLANG_WARN_RANGE_LOOP_ANALYSIS = YES;
				CLANG_WARN_STRICT_PROTOTYPES = YES;
				CLANG_WARN_SUSPICIOUS_MOVE = YES;
				CLANG_WARN_UNGUARDED_AVAILABILITY = YES_AGGRESSIVE;
				CLANG_WARN_UNREACHABLE_CODE = YES;
				CLANG_WARN__DUPLICATE_METHOD_MATCH = YES;
				COPY_PHASE_STRIP = NO;
				DEBUG_INFORMATION_FORMAT = dwarf;
				ENABLE_STRICT_OBJC_MSGSEND = YES;
				ENABLE_TESTABILITY = YES;
				ENABLE_USER_SCRIPT_SANDBOXING = YES;
				GCC_C_LANGUAGE_STANDARD = gnu17;
				GCC_DYNAMIC_NO_PIC = NO;
				GCC_NO_COMMON_BLOCKS = YES;
				GCC_OPTIMIZATION_LEVEL = 0;
				GCC_PREPROCESSOR_DEFINITIONS = (
					"DEBUG=1",
					"$(inherited)",
				);
				GCC_WARN_64_TO_32_BIT_CONVERSION = YES;
				GCC_WARN_ABOUT_RETURN_TYPE = YES_ERROR;
				GCC_WARN_UNDECLARED_SELECTOR = YES;
				GCC_WARN_UNINITIALIZED_AUTOS = YES_AGGRESSIVE;
				GCC_WARN_UNUSED_FUNCTION = YES;
				GCC_WARN_UNUSED_VARIABLE = YES;
				IPHONEOS_DEPLOYMENT_TARGET = 17.0;
				LOCALIZATION_PREFERS_STRING_CATALOGS = YES;
				MTL_ENABLE_DEBUG_INFO = INCLUDE_SOURCE;
				MTL_FAST_MATH = YES;
				ONLY_ACTIVE_ARCH = YES;
				SDKROOT = iphoneos;
				SWIFT_ACTIVE_COMPILATION_CONDITIONS = "DEBUG $(inherited)";
				SWIFT_OPTIMIZATION_LEVEL = "-Onone";
			};
			name = Debug;
		};
		22D385F72DCEDDB800694630 /* Release */ = {
			isa = XCBuildConfiguration;
			buildSettings = {
				ALWAYS_SEARCH_USER_PATHS = NO;
				ASSETCATALOG_COMPILER_GENERATE_SWIFT_ASSET_SYMBOL_EXTENSIONS = YES;
				CLANG_ANALYZER_NONNULL = YES;
				CLANG_ANALYZER_NUMBER_OBJECT_CONVERSION = YES_AGGRESSIVE;
				CLANG_CXX_LANGUAGE_STANDARD = "gnu++20";
				CLANG_ENABLE_MODULES = YES;
				CLANG_ENABLE_OBJC_ARC = YES;
				CLANG_ENABLE_OBJC_WEAK = YES;
				CLANG_WARN_BLOCK_CAPTURE_AUTORELEASING = YES;
				CLANG_WARN_BOOL_CONVERSION = YES;
				CLANG_WARN_COMMA = YES;
				CLANG_WARN_CONSTANT_CONVERSION = YES;
				CLANG_WARN_DEPRECATED_OBJC_IMPLEMENTATIONS = YES;
				CLANG_WARN_DIRECT_OBJC_ISA_USAGE = YES_ERROR;
				CLANG_WARN_DOCUMENTATION_COMMENTS = YES;
				CLANG_WARN_EMPTY_BODY = YES;
				CLANG_WARN_ENUM_CONVERSION = YES;
				CLANG_WARN_INFINITE_RECURSION = YES;
				CLANG_WARN_INT_CONVERSION = YES;
				CLANG_WARN_NON_LITERAL_NULL_CONVERSION = YES;
				CLANG_WARN_OBJC_IMPLICIT_RETAIN_SELF = YES;
				CLANG_WARN_OBJC_LITERAL_CONVERSION = YES;
				CLANG_WARN_OBJC_ROOT_CLASS = YES_ERROR;
				CLANG_WARN_QUOTED_INCLUDE_IN_FRAMEWORK_HEADER = YES;
				CLANG_WARN_RANGE_LOOP_ANALYSIS = YES;
				CLANG_WARN_STRICT_PROTOTYPES = YES;
				CLANG_WARN_SUSPICIOUS_MOVE = YES;
				CLANG_WARN_UNGUARDED_AVAILABILITY = YES_AGGRESSIVE;
				CLANG_WARN_UNREACHABLE_CODE = YES;
				CLANG_WARN__DUPLICATE_METHOD_MATCH = YES;
				COPY_PHASE_STRIP = NO;
				DEBUG_INFORMATION_FORMAT = "dwarf-with-dsym";
				ENABLE_NS_ASSERTIONS = NO;
				ENABLE_STRICT_OBJC_MSGSEND = YES;
				ENABLE_USER_SCRIPT_SANDBOXING = YES;
				GCC_C_LANGUAGE_STANDARD = gnu17;
				GCC_NO_COMMON_BLOCKS = YES;
				GCC_WARN_64_TO_32_BIT_CONVERSION = YES;
				GCC_WARN_ABOUT_RETURN_TYPE = YES_ERROR;
				GCC_WARN_UNDECLARED_SELECTOR = YES;
				GCC_WARN_UNINITIALIZED_AUTOS = YES_AGGRESSIVE;
				GCC_WARN_UNUSED_FUNCTION = YES;
				GCC_WARN_UNUSED_VARIABLE = YES;
				IPHONEOS_DEPLOYMENT_TARGET = 17.0;
				LOCALIZATION_PREFERS_STRING_CATALOGS = YES;
				MTL_ENABLE_DEBUG_INFO = NO;
				MTL_FAST_MATH = YES;
				SDKROOT = iphoneos;
				SWIFT_COMPILATION_MODE = wholemodule;
				VALIDATE_PRODUCT = YES;
			};
			name = Release;
		};
		22D385F92DCEDDB800694630 /* Debug */ = {
			isa = XCBuildConfiguration;
			buildSettings = {
				ASSETCATALOG_COMPILER_APPICON_NAME = AppIcon;
				ASSETCATALOG_COMPILER_GLOBAL_ACCENT_COLOR_NAME = AccentColor;
				CODE_SIGN_STYLE = Automatic;
				CURRENT_PROJECT_VERSION = 1;
				DEVELOPMENT_ASSET_PATHS = "\"projekt/Preview Content\"";
				ENABLE_PREVIEWS = YES;
				GENERATE_INFOPLIST_FILE = YES;
				INFOPLIST_KEY_UIApplicationSceneManifest_Generation = YES;
				INFOPLIST_KEY_UIApplicationSupportsIndirectInputEvents = YES;
				INFOPLIST_KEY_UILaunchScreen_Generation = YES;
				INFOPLIST_KEY_UISupportedInterfaceOrientations_iPad = "UIInterfaceOrientationPortrait UIInterfaceOrientationPortraitUpsideDown UIInterfaceOrientationLandscapeLeft UIInterfaceOrientationLandscapeRight";
				INFOPLIST_KEY_UISupportedInterfaceOrientations_iPhone = "UIInterfaceOrientationPortrait UIInterfaceOrientationLandscapeLeft UIInterfaceOrientationLandscapeRight";
				LD_RUNPATH_SEARCH_PATHS = (
					"$(inherited)",
					"@executable_path/Frameworks",
				);
				MARKETING_VERSION = 1.0;
				PRODUCT_BUNDLE_IDENTIFIER = darwinek.projekt;
				PRODUCT_NAME = "$(TARGET_NAME)";
				SWIFT_EMIT_LOC_STRINGS = YES;
				SWIFT_VERSION = 5.0;
				TARGETED_DEVICE_FAMILY = "1,2";
			};
			name = Debug;
		};
		22D385FA2DCEDDB800694630 /* Release */ = {
			isa = XCBuildConfiguration;
			buildSettings = {
				ASSETCATALOG_COMPILER_APPICON_NAME = AppIcon;
				ASSETCATALOG_COMPILER_GLOBAL_ACCENT_COLOR_NAME = AccentColor;
				CODE_SIGN_STYLE = Automatic;
				CURRENT_PROJECT_VERSION = 1;
				DEVELOPMENT_ASSET_PATHS = "\"projekt/Preview Content\"";
				ENABLE_PREVIEWS = YES;
				GENERATE_INFOPLIST_FILE = YES;
				INFOPLIST_KEY_UIApplicationSceneManifest_Generation = YES;
				INFOPLIST_KEY_UIApplicationSupportsIndirectInputEvents = YES;
				INFOPLIST_KEY_UILaunchScreen_Generation = YES;
				INFOPLIST_KEY_UISupportedInterfaceOrientations_iPad = "UIInterfaceOrientationPortrait UIInterfaceOrientationPortraitUpsideDown UIInterfaceOrientationLandscapeLeft UIInterfaceOrientationLandscapeRight";
				INFOPLIST_KEY_UISupportedInterfaceOrientations_iPhone = "UIInterfaceOrientationPortrait UIInterfaceOrientationLandscapeLeft UIInterfaceOrientationLandscapeRight";
				LD_RUNPATH_SEARCH_PATHS = (
					"$(inherited)",
					"@executable_path/Frameworks",
				);
				MARKETING_VERSION = 1.0;
				PRODUCT_BUNDLE_IDENTIFIER = darwinek.projekt;
				PRODUCT_NAME = "$(TARGET_NAME)";
				SWIFT_EMIT_LOC_STRINGS = YES;
				SWIFT_VERSION = 5.0;
				TARGETED_DEVICE_FAMILY = "1,2";
			};
			name = Release;
		};
/* End XCBuildConfiguration section */

/* Begin XCConfigurationList section */
		22D385E02DCEDDB300694630 /* Build configuration list for PBXProject "projekt" */ = {
			isa = XCConfigurationList;
			buildConfigurations = (
				22D385F62DCEDDB800694630 /* Debug */,
				22D385F72DCEDDB800694630 /* Release */,
			);
			defaultConfigurationIsVisible = 0;
			defaultConfigurationName = Release;
		};
		22D385F82DCEDDB800694630 /* Build configuration list for PBXNativeTarget "projekt" */ = {
			isa = XCConfigurationList;
			buildConfigurations = (
				22D385F92DCEDDB800694630 /* Debug */,
				22D385FA2DCEDDB800694630 /* Release */,
			);
			defaultConfigurationIsVisible = 0;
			defaultConfigurationName = Release;
		};
/* End XCConfigurationList section */

/* Begin XCVersionGroup section */
		22D385F32DCEDDB800694630 /* projekt.xcdatamodeld */ = {
			isa = XCVersionGroup;
			children = (
				22D385F42DCEDDB800694630 /* projekt.xcdatamodel */,
			);
			currentVersion = 22D385F42DCEDDB800694630 /* projekt.xcdatamodel */;
			path = projekt.xcdatamodeld;
			sourceTree = "<group>";
			versionGroupType = wrapper.xcdatamodel;
		};
/* End XCVersionGroup section */
	};
	rootObject = 22D385DD2DCEDDB300694630 /* Project object */;
}
